
Microsoft Visual Studio Solution File, Format Version 12.00
# Visual Studio Version 17
VisualStudioVersion = 17.3.32929.385
MinimumVisualStudioVersion = 10.0.40219.1
Project("{FAE04EC0-301F-11D3-BF4B-00C04F79EFBC}") = "APIAssignment2", "APIAssignment2\APIAssignment2.csproj", "{D9D394D9-F4EB-4BA7-A0D7-76B9C9DC36A5}"
EndProject
Global
	GlobalSection(SolutionConfigurationPlatforms) = preSolution
		Debug|Any CPU = Debug|Any CPU
		Release|Any CPU = Release|Any CPU
	EndGlobalSection
	GlobalSection(ProjectConfigurationPlatforms) = postSolution
		{D9D394D9-F4EB-4BA7-A0D7-76B9C9DC36A5}.Debug|Any CPU.ActiveCfg = Debug|Any CPU
		{D9D394D9-F4EB-4BA7-A0D7-76B9C9DC36A5}.Debug|Any CPU.Build.0 = Debug|Any CPU
		{D9D394D9-F4EB-4BA7-A0D7-76B9C9DC36A5}.Release|Any CPU.ActiveCfg = Release|Any CPU
		{D9D394D9-F4EB-4BA7-A0D7-76B9C9DC36A5}.Release|Any CPU.Build.0 = Release|Any CPU
	EndGlobalSection
	GlobalSection(SolutionProperties) = preSolution
		HideSolutionNode = FALSE
	EndGlobalSection
	GlobalSection(ExtensibilityGlobals) = postSolution
		SolutionGuid = {45563CB9-4ACA-4BDE-A0CA-A20F55F03B84}
	EndGlobalSection
EndGlobal
